
Microsoft Visual Studio Solution File, Format Version 12.00
# Visual Studio Version 17
VisualStudioVersion = 17.14.36518.9 d17.14
MinimumVisualStudioVersion = 10.0.40219.1
Project("{FAE04EC0-301F-11D3-BF4B-00C04F79EFBC}") = "Network tools", "Network tools.csproj", "{8168306A-DFC0-43F3-B870-F842087A0EDA}"
EndProject
Global
	GlobalSection(SolutionConfigurationPlatforms) = preSolution
		Debug|Any CPU = Debug|Any CPU
		Release|Any CPU = Release|Any CPU
	EndGlobalSection
	GlobalSection(ProjectConfigurationPlatforms) = postSolution
		{8168306A-DFC0-43F3-B870-F842087A0EDA}.Debug|Any CPU.ActiveCfg = Debug|Any CPU
		{8168306A-DFC0-43F3-B870-F842087A0EDA}.Debug|Any CPU.Build.0 = Debug|Any CPU
		{8168306A-DFC0-43F3-B870-F842087A0EDA}.Release|Any CPU.ActiveCfg = Release|Any CPU
		{8168306A-DFC0-43F3-B870-F842087A0EDA}.Release|Any CPU.Build.0 = Release|Any CPU
	EndGlobalSection
	GlobalSection(SolutionProperties) = preSolution
		HideSolutionNode = FALSE
	EndGlobalSection
	GlobalSection(ExtensibilityGlobals) = postSolution
		SolutionGuid = {3DF3F230-2F94-4A9F-ACAF-4AA551D1C90A}
	EndGlobalSection
EndGlobal
